<?xml version="1.0" encoding="utf-8"?>
<Project ToolsVersion="4.0" xmlns="http://schemas.microsoft.com/developer/msbuild/2003">
  <ItemGroup>
    <Filter Include="Source Files">
      <UniqueIdentifier>{4FC737F1-C7A5-4376-A066-2A32D752A2FF}</UniqueIdentifier>
      <Extensions>qml;cpp;c;cc;cxx;def;odl;idl;hpj;bat;asm;asmx</Extensions>
    </Filter>
    <Filter Include="Header Files">
      <UniqueIdentifier>{93995380-89BD-4b04-88EB-625FBE52EBFB}</UniqueIdentifier>
      <Extensions>h;hh;hpp;hxx;hm;inl;inc;xsd</Extensions>
    </Filter>
    <Filter Include="Resource Files">
      <UniqueIdentifier>{67DA6AB6-F800-4c08-8B7A-83BB121AAD01}</UniqueIdentifier>
      <Extensions>qrc;rc;ico;cur;bmp;dlg;rc2;rct;bin;rgs;gif;jpg;jpeg;jpe;resx;tiff;tif;png;wav;mfcribbon-ms</Extensions>
    </Filter>
    <Filter Include="Form Files">
      <UniqueIdentifier>{99349809-55BA-4b9d-BF79-8FDBB0286EB3}</UniqueIdentifier>
      <Extensions>ui</Extensions>
    </Filter>
    <Filter Include="Translation Files">
      <UniqueIdentifier>{639EADAA-A684-42e4-A9AD-28FC9BCB8F7C}</UniqueIdentifier>
      <Extensions>ts</Extensions>
    </Filter>
    <Filter Include="Header Files\Core">
      <UniqueIdentifier>{b78ca476-aa92-4e07-96e4-0898481b08c6}</UniqueIdentifier>
    </Filter>
    <Filter Include="Header Files\Curve Library">
      <UniqueIdentifier>{439ddb14-c227-41bf-bfdc-8aa72725cbe1}</UniqueIdentifier>
    </Filter>
    <Filter Include="Header Files\Interface">
      <UniqueIdentifier>{13c2d2fd-a6b2-42a5-af17-c0598e0fa9f0}</UniqueIdentifier>
    </Filter>
    <Filter Include="Header Files\Graphics">
      <UniqueIdentifier>{0db87208-2803-449f-a0cb-846779f0aa29}</UniqueIdentifier>
    </Filter>
    <Filter Include="Header Files\Dialogs">
      <UniqueIdentifier>{edd8efc1-47bf-4959-8cc2-e73d49245da7}</UniqueIdentifier>
    </Filter>
    <Filter Include="Header Files\Report">
      <UniqueIdentifier>{17eb4d15-1e5d-4a5c-8427-2237e58ffe9e}</UniqueIdentifier>
    </Filter>
    <Filter Include="Header Files\Macros">
      <UniqueIdentifier>{de9e1bb8-03e8-415a-ac13-307f5e91a632}</UniqueIdentifier>
    </Filter>
    <Filter Include="Source Files\Core">
      <UniqueIdentifier>{7f4e30d6-e464-4103-9ba3-b63f740385e4}</UniqueIdentifier>
    </Filter>
    <Filter Include="Source Files\Interface">
      <UniqueIdentifier>{306d9e28-4dd6-4c0c-9d34-a5d16767e5e3}</UniqueIdentifier>
    </Filter>
    <Filter Include="Source Files\Graphics">
      <UniqueIdentifier>{092d2dfb-43c4-4f72-bfe6-d3707b0233b5}</UniqueIdentifier>
    </Filter>
    <Filter Include="Source Files\Dialogs">
      <UniqueIdentifier>{815740b4-48c8-43d0-9bde-b388300b5928}</UniqueIdentifier>
    </Filter>
    <Filter Include="Source Files\Macros">
      <UniqueIdentifier>{8efbc166-ffdb-4e7c-a6bb-ea2b32414957}</UniqueIdentifier>
    </Filter>
    <Filter Include="Source Files\Other">
      <UniqueIdentifier>{9a275b40-2484-47a6-bb73-e2b3365b41aa}</UniqueIdentifier>
    </Filter>
    <Filter Include="Source Files\Report">
      <UniqueIdentifier>{f988b672-3bf5-4b1a-91fc-d98b806e25ae}</UniqueIdentifier>
    </Filter>
    <Filter Include="Form Files\Dialogs">
      <UniqueIdentifier>{02eacbdc-cabd-4be0-ac89-f512df73e238}</UniqueIdentifier>
    </Filter>
    <Filter Include="Form Files\Other">
      <UniqueIdentifier>{52b3d3e5-870a-4c8d-b52a-5bfba0c28c30}</UniqueIdentifier>
    </Filter>
    <Filter Include="Source Files\Curve Library">
      <UniqueIdentifier>{2cd7b3b0-7e96-4fcb-a135-9a9becc4437f}</UniqueIdentifier>
    </Filter>
    <Filter Include="Header Files\Other">
      <UniqueIdentifier>{c8fd8eea-40f0-4237-bd86-e347f5a9829c}</UniqueIdentifier>
    </Filter>
    <Filter Include="Header Files\Macros\Commands">
      <UniqueIdentifier>{fe4fe631-59a3-4dc7-b845-8bdaf5751943}</UniqueIdentifier>
    </Filter>
    <Filter Include="Source Files\Macros\Commands">
      <UniqueIdentifier>{6119ba93-0c2d-4042-a6ae-a11b84853c80}</UniqueIdentifier>
    </Filter>
  </ItemGroup>
  <ItemGroup>
    <QtRcc Include="curvewindow.qrc">
      <Filter>Resource Files</Filter>
    </QtRcc>
  </ItemGroup>
  <ItemGroup>
    <ClCompile Include="airfoiltolerancesdialog.cpp">
      <Filter>Source Files\Dialogs</Filter>
    </ClCompile>
    <ClCompile Include="algorithms.cpp">
      <Filter>Source Files\Core</Filter>
    </ClCompile>
    <ClCompile Include="alignmentdialog.cpp">
      <Filter>Source Files\Dialogs</Filter>
    </ClCompile>
    <ClCompile Include="bestfitdialog.cpp">
      <Filter>Source Files\Dialogs</Filter>
    </ClCompile>
    <ClCompile Include="calculatecurvedialog.cpp">
      <Filter>Source Files\Dialogs</Filter>
    </ClCompile>
    <ClCompile Include="calculatedeviationsdialog.cpp">
      <Filter>Source Files\Dialogs</Filter>
    </ClCompile>
    <ClCompile Include="colortranslator.cpp">
      <Filter>Source Files\Other</Filter>
    </ClCompile>
    <ClCompile Include="markupcreator.cpp">
      <Filter>Source Files\Report</Filter>
    </ClCompile>
    <ClCompile Include="curvegraphicswidget.cpp">
      <Filter>Source Files\Graphics</Filter>
    </ClCompile>
    <ClCompile Include="curvelibrary.cpp">
      <Filter>Source Files\Curve Library</Filter>
    </ClCompile>
    <ClCompile Include="curvemachine.cpp">
      <Filter>Source Files\Core</Filter>
    </ClCompile>
    <ClCompile Include="curvewindow.cpp">
      <Filter>Source Files\Interface</Filter>
    </ClCompile>
    <ClCompile Include="figure.cpp">
      <Filter>Source Files\Core</Filter>
    </ClCompile>
    <ClCompile Include="figurecontrols.cpp">
      <Filter>Source Files\Interface</Filter>
    </ClCompile>
    <ClCompile Include="figureeditdialog.cpp">
      <Filter>Source Files\Dialogs</Filter>
    </ClCompile>
    <ClCompile Include="filesystem.cpp">
      <Filter>Source Files\Core</Filter>
    </ClCompile>
    <ClCompile Include="functionparams.cpp">
      <Filter>Source Files\Curve Library</Filter>
    </ClCompile>
    <ClCompile Include="functionresults.cpp">
      <Filter>Source Files\Curve Library</Filter>
    </ClCompile>
    <ClCompile Include="macrosmanager.cpp">
      <Filter>Source Files\Macros</Filter>
    </ClCompile>
    <ClCompile Include="main.cpp">
      <Filter>Source Files\Core</Filter>
    </ClCompile>
    <ClCompile Include="mergepointcloudsdialog.cpp">
      <Filter>Source Files\Dialogs</Filter>
    </ClCompile>
    <ClCompile Include="pch.cpp">
      <Filter>Source Files\Other</Filter>
    </ClCompile>
    <ClCompile Include="plot.cpp">
      <Filter>Source Files\Graphics</Filter>
    </ClCompile>
    <ClCompile Include="project.cpp">
      <Filter>Source Files\Core</Filter>
    </ClCompile>
    <ClCompile Include="radiuscorrectiondialog.cpp">
      <Filter>Source Files\Dialogs</Filter>
    </ClCompile>
    <ClCompile Include="reportgenerator.cpp">
      <Filter>Source Files\Report</Filter>
    </ClCompile>
    <ClCompile Include="reportsettings.cpp">
      <Filter>Source Files\Report</Filter>
    </ClCompile>
    <ClCompile Include="rotatedialog.cpp">
      <Filter>Source Files\Dialogs</Filter>
    </ClCompile>
    <ClCompile Include="shiftdialog.cpp">
      <Filter>Source Files\Dialogs</Filter>
    </ClCompile>
    <ClCompile Include="tree.cpp">
      <Filter>Source Files\Interface</Filter>
    </ClCompile>
    <ClCompile Include="turbinedialog.cpp">
      <Filter>Source Files\Dialogs</Filter>
    </ClCompile>
    <ClCompile Include="widthedgedialog.cpp">
      <Filter>Source Files\Dialogs</Filter>
    </ClCompile>
    <ClCompile Include="partdatadialog.cpp">
      <Filter>Source Files\Dialogs</Filter>
    </ClCompile>
    <ClCompile Include="continuableexception.cpp">
      <Filter>Source Files\Other</Filter>
    </ClCompile>
    <ClCompile Include="exporttoFLRdialog.cpp">
      <Filter>Source Files\Dialogs</Filter>
    </ClCompile>
    <ClCompile Include="inserttextdialog.cpp">
      <Filter>Source Files\Dialogs</Filter>
    </ClCompile>
    <ClCompile Include="inserttextdialog.cpp">
      <Filter>Source Files\Dialogs</Filter>
    </ClCompile>
    <ClCompile Include="printer.cpp">
      <Filter>Source Files\Report</Filter>
    </ClCompile>
    <ClCompile Include="printpreviewdialog.cpp">
      <Filter>Source Files\Report</Filter>
    </ClCompile>
    <ClCompile Include="curveanalyzer.cpp">
      <Filter>Source Files\Report</Filter>
    </ClCompile>
    <ClCompile Include="screenshotcreator.cpp">
      <Filter>Source Files\Report</Filter>
    </ClCompile>
    <ClCompile Include="figurecreator.cpp">
      <Filter>Source Files\Report</Filter>
    </ClCompile>
    <ClCompile Include="functionparamsgenerator.cpp">
      <Filter>Source Files\Report</Filter>
    </ClCompile>
    <ClCompile Include="functionparamsgenerator.cpp">
      <Filter>Source Files\Report</Filter>
    </ClCompile>
    <ClCompile Include="turbineparameter.cpp">
      <Filter>Source Files\Other</Filter>
    </ClCompile>
    <ClCompile Include="compareflrdialog.cpp">
      <Filter>Source Files\Dialogs</Filter>
    </ClCompile>
    <ClCompile Include="resultcompareflr.cpp">
      <Filter>Source Files\Other</Filter>
    </ClCompile>
    <ClCompile Include="basedialog.cpp">
      <Filter>Source Files\Dialogs</Filter>
    </ClCompile>
    <ClCompile Include="dialogservice.cpp">
      <Filter>Source Files\Dialogs</Filter>
    </ClCompile>
    <ClCompile Include="dialogtype.cpp">
      <Filter>Source Files\Dialogs</Filter>
    </ClCompile>
    <ClCompile Include="loadingclouddialog.cpp">
      <Filter>Source Files\Dialogs</Filter>
    </ClCompile>
    <ClCompile Include="macrosdialog.cpp">
      <Filter>Source Files\Dialogs</Filter>
    </ClCompile>
    <ClCompile Include="icommand.cpp">
      <Filter>Source Files\Macros</Filter>
    </ClCompile>
    <ClCompile Include="commandtype.cpp">
      <Filter>Source Files\Macros</Filter>
    </ClCompile>
    <ClCompile Include="renamefigurecommand.cpp">
      <Filter>Source Files\Macros\Commands</Filter>
    </ClCompile>
    <ClCompile Include="commandfactory.cpp">
      <Filter>Source Files\Macros</Filter>
    </ClCompile>
    <ClCompile Include="loadprojectcommand.cpp">
      <Filter>Source Files\Macros\Commands</Filter>
    </ClCompile>
    <ClCompile Include="loadcloudcommand.cpp">
      <Filter>Source Files\Macros\Commands</Filter>
    </ClCompile>
    <ClCompile Include="alignmentcommand.cpp">
      <Filter>Source Files\Macros\Commands</Filter>
    </ClCompile>
    <ClCompile Include="bestfitcommand.cpp">
      <Filter>Source Files\Macros\Commands</Filter>
    </ClCompile>
    <ClCompile Include="clearprojectcommand.cpp">
      <Filter>Source Files\Macros\Commands</Filter>
    </ClCompile>
    <ClCompile Include="createreportcommand.cpp">
      <Filter>Source Files\Macros\Commands</Filter>
    </ClCompile>
    <ClCompile Include="exporttoflrcommand.cpp">
      <Filter>Source Files\Macros\Commands</Filter>
    </ClCompile>
    <ClCompile Include="mergescanscommand.cpp">
      <Filter>Source Files\Macros\Commands</Filter>
    </ClCompile>
    <ClCompile Include="partdatacommand.cpp">
      <Filter>Source Files\Macros\Commands</Filter>
    </ClCompile>
    <ClCompile Include="printreportcommand.cpp">
      <Filter>Source Files\Macros\Commands</Filter>
    </ClCompile>
    <ClCompile Include="radiuscorrectioncommand.cpp">
      <Filter>Source Files\Macros\Commands</Filter>
    </ClCompile>
    <ClCompile Include="regeneratecurvecommand.cpp">
      <Filter>Source Files\Macros\Commands</Filter>
    </ClCompile>
    <ClCompile Include="removefigurecommand.cpp">
      <Filter>Source Files\Macros\Commands</Filter>
    </ClCompile>
    <ClCompile Include="rotatefigurecommand.cpp">
      <Filter>Source Files\Macros\Commands</Filter>
    </ClCompile>
    <ClCompile Include="saveprojectcommand.cpp">
      <Filter>Source Files\Macros\Commands</Filter>
    </ClCompile>
    <ClCompile Include="setprintersettingscommand.cpp">
      <Filter>Source Files\Macros\Commands</Filter>
    </ClCompile>
    <ClCompile Include="shiftfigurecommand.cpp">
      <Filter>Source Files\Macros\Commands</Filter>
    </ClCompile>
    <ClCompile Include="macrostranslator.cpp">
      <Filter>Source Files\Macros</Filter>
    </ClCompile>
    <ClCompile Include="changecurveparameterscommand.cpp">
      <Filter>Source Files\Macros\Commands</Filter>
    </ClCompile>
    <ClCompile Include="editfigurecommand.cpp">
      <Filter>Source Files\Macros\Commands</Filter>
    </ClCompile>
    <ClCompile Include="insertbestfitpositioncommand.cpp">
      <Filter>Source Files\Macros\Commands</Filter>
    </ClCompile>
    <ClCompile Include="radiuscorrection3dcommand.cpp">
      <Filter>Source Files\Macros\Commands</Filter>
    </ClCompile>
    <ClCompile Include="unknowncommand.cpp">
      <Filter>Source Files\Macros\Commands</Filter>
    </ClCompile>
    <ClCompile Include="changecurveappearancecommand.cpp">
      <Filter>Source Files\Macros\Commands</Filter>
    </ClCompile>
    <ClCompile Include="hideallcommand.cpp">
      <Filter>Source Files\Macros\Commands</Filter>
    </ClCompile>
  </ItemGroup>
  <ItemGroup>
    <ClInclude Include="curvemachine.h">
      <Filter>Header Files\Core</Filter>
    </ClInclude>
    <ClInclude Include="functionparams.h">
      <Filter>Header Files\Curve Library</Filter>
    </ClInclude>
    <ClInclude Include="functionresults.h">
      <Filter>Header Files\Curve Library</Filter>
    </ClInclude>
    <ClInclude Include="pch.h">
      <Filter>Header Files\Other</Filter>
    </ClInclude>
    <ClInclude Include="reportgenerator.h">
      <Filter>Header Files\Report</Filter>
    </ClInclude>
    <ClInclude Include="continuableexception.h">
      <Filter>Header Files\Other</Filter>
    </ClInclude>
    <ClInclude Include="algorithms.h">
      <Filter>Header Files\Core</Filter>
    </ClInclude>
    <ClInclude Include="colortranslator.h">
      <Filter>Header Files\Other</Filter>
    </ClInclude>
    <ClInclude Include="curvelibrary.h">
      <Filter>Header Files\Curve Library</Filter>
    </ClInclude>
    <ClInclude Include="filesystem.h">
      <Filter>Header Files\Core</Filter>
    </ClInclude>
    <ClInclude Include="screenshotcreator.h">
      <Filter>Header Files\Report</Filter>
    </ClInclude>
    <ClInclude Include="functionparamsgenerator.h">
      <Filter>Header Files\Report</Filter>
    </ClInclude>
    <ClInclude Include="markupcreator.h">
      <Filter>Header Files\Report</Filter>
    </ClInclude>
    <ClInclude Include="curveanalyzer.h">
      <Filter>Header Files\Report</Filter>
    </ClInclude>
    <ClInclude Include="figurecreator.h">
      <Filter>Header Files\Report</Filter>
    </ClInclude>
    <ClInclude Include="reportsettings.h">
      <Filter>Header Files\Report</Filter>
    </ClInclude>
    <ClInclude Include="resultcompareflr.h">
      <Filter>Header Files\Other</Filter>
    </ClInclude>
    <ClInclude Include="dialogservice.h">
      <Filter>Header Files\Dialogs</Filter>
    </ClInclude>
    <ClInclude Include="dialogtype.h">
      <Filter>Header Files\Dialogs</Filter>
    </ClInclude>
    <ClInclude Include="commandtype.h">
      <Filter>Header Files\Macros</Filter>
    </ClInclude>
    <ClInclude Include="renamefigurecommand.h">
      <Filter>Header Files\Macros\Commands</Filter>
    </ClInclude>
    <ClInclude Include="commandfactory.h">
      <Filter>Header Files\Macros</Filter>
    </ClInclude>
    <ClInclude Include="loadprojectcommand.h">
      <Filter>Header Files\Macros\Commands</Filter>
    </ClInclude>
    <ClInclude Include="loadcloudcommand.h">
      <Filter>Header Files\Macros\Commands</Filter>
    </ClInclude>
    <ClInclude Include="alignmentcommand.h">
      <Filter>Header Files\Macros\Commands</Filter>
    </ClInclude>
    <ClInclude Include="bestfitcommand.h">
      <Filter>Header Files\Macros\Commands</Filter>
    </ClInclude>
    <ClInclude Include="clearprojectcommand.h">
      <Filter>Header Files\Macros\Commands</Filter>
    </ClInclude>
    <ClInclude Include="createreportcommand.h">
      <Filter>Header Files\Macros\Commands</Filter>
    </ClInclude>
    <ClInclude Include="exporttoflrcommand.h">
      <Filter>Header Files\Macros\Commands</Filter>
    </ClInclude>
    <ClInclude Include="mergescanscommand.h">
      <Filter>Header Files\Macros\Commands</Filter>
    </ClInclude>
    <ClInclude Include="partdatacommand.h">
      <Filter>Header Files\Macros\Commands</Filter>
    </ClInclude>
    <ClInclude Include="printreportcommand.h">
      <Filter>Header Files\Macros\Commands</Filter>
    </ClInclude>
    <ClInclude Include="radiuscorrectioncommand.h">
      <Filter>Header Files\Macros\Commands</Filter>
    </ClInclude>
    <ClInclude Include="regeneratecurvecommand.h">
      <Filter>Header Files\Macros\Commands</Filter>
    </ClInclude>
    <ClInclude Include="removefigurecommand.h">
      <Filter>Header Files\Macros\Commands</Filter>
    </ClInclude>
    <ClInclude Include="rotatefigurecommand.h">
      <Filter>Header Files\Macros\Commands</Filter>
    </ClInclude>
    <ClInclude Include="saveprojectcommand.h">
      <Filter>Header Files\Macros\Commands</Filter>
    </ClInclude>
    <ClInclude Include="setprintersettingscommand.h">
      <Filter>Header Files\Macros\Commands</Filter>
    </ClInclude>
    <ClInclude Include="shiftfigurecommand.h">
      <Filter>Header Files\Macros\Commands</Filter>
    </ClInclude>
    <ClInclude Include="changecurveparameterscommand.h">
      <Filter>Header Files\Macros\Commands</Filter>
    </ClInclude>
    <ClInclude Include="editfigurecommand.h">
      <Filter>Header Files\Macros\Commands</Filter>
    </ClInclude>
    <ClInclude Include="insertbestfitpositioncommand.h">
      <Filter>Header Files\Macros\Commands</Filter>
    </ClInclude>
    <ClInclude Include="changecurveappearancecommand.h">
      <Filter>Header Files\Macros\Commands</Filter>
    </ClInclude>
    <ClInclude Include="hideallcommand.h">
      <Filter>Header Files\Macros\Commands</Filter>
    </ClInclude>
    <ClInclude Include="radiuscorrection3dcommand.h">
      <Filter>Header Files\Macros\Commands</Filter>
    </ClInclude>
    <ClInclude Include="unknowncommand.h">
      <Filter>Header Files\Macros\Commands</Filter>
    </ClInclude>
  </ItemGroup>
  <ItemGroup>
    <QtMoc Include="airfoiltolerancesdialog.h">
      <Filter>Header Files\Dialogs</Filter>
    </QtMoc>
    <QtMoc Include="alignmentdialog.h">
      <Filter>Header Files\Dialogs</Filter>
    </QtMoc>
    <QtMoc Include="bestfitdialog.h">
      <Filter>Header Files\Dialogs</Filter>
    </QtMoc>
    <QtMoc Include="calculatecurvedialog.h">
      <Filter>Header Files\Dialogs</Filter>
    </QtMoc>
    <QtMoc Include="calculatedeviationsdialog.h">
      <Filter>Header Files\Dialogs</Filter>
    </QtMoc>
    <QtMoc Include="curvegraphicswidget.h">
      <Filter>Header Files\Graphics</Filter>
    </QtMoc>
    <QtMoc Include="curvewindow.h">
      <Filter>Header Files\Interface</Filter>
    </QtMoc>
    <QtMoc Include="figurecontrols.h">
      <Filter>Header Files\Interface</Filter>
    </QtMoc>
    <QtMoc Include="figureeditdialog.h">
      <Filter>Header Files\Dialogs</Filter>
    </QtMoc>
    <QtMoc Include="macrosmanager.h">
      <Filter>Header Files\Macros</Filter>
    </QtMoc>
    <QtMoc Include="mergepointcloudsdialog.h">
      <Filter>Header Files\Dialogs</Filter>
    </QtMoc>
    <QtMoc Include="plot.h">
      <Filter>Header Files\Graphics</Filter>
    </QtMoc>
    <QtMoc Include="project.h">
      <Filter>Header Files\Core</Filter>
    </QtMoc>
    <QtMoc Include="radiuscorrectiondialog.h">
      <Filter>Header Files\Dialogs</Filter>
    </QtMoc>
    <QtMoc Include="rotatedialog.h">
      <Filter>Header Files\Dialogs</Filter>
    </QtMoc>
    <QtMoc Include="shiftdialog.h">
      <Filter>Header Files\Dialogs</Filter>
    </QtMoc>
    <QtMoc Include="tree.h">
      <Filter>Header Files\Interface</Filter>
    </QtMoc>
    <QtMoc Include="turbinedialog.h">
      <Filter>Header Files\Dialogs</Filter>
    </QtMoc>
    <QtMoc Include="widthedgedialog.h">
      <Filter>Header Files\Dialogs</Filter>
    </QtMoc>
    <QtMoc Include="partdatadialog.h">
      <Filter>Header Files\Dialogs</Filter>
    </QtMoc>
    <QtMoc Include="exporttoFLRdialog.h">
      <Filter>Header Files\Dialogs</Filter>
    </QtMoc>
    <QtMoc Include="figure.h">
      <Filter>Header Files\Core</Filter>
    </QtMoc>
    <QtMoc Include="inserttextdialog.h">
      <Filter>Header Files\Dialogs</Filter>
    </QtMoc>
    <QtMoc Include="printer.h">
      <Filter>Header Files\Report</Filter>
    </QtMoc>
    <QtMoc Include="printpreviewdialog.h">
      <Filter>Header Files\Report</Filter>
    </QtMoc>
    <QtMoc Include="turbineparameter.h">
      <Filter>Header Files\Other</Filter>
    </QtMoc>
    <QtMoc Include="compareflrdialog.h">
      <Filter>Header Files\Dialogs</Filter>
    </QtMoc>
    <QtMoc Include="macrosdialog.h">
      <Filter>Header Files\Dialogs</Filter>
    </QtMoc>
    <QtMoc Include="basedialog.h">
      <Filter>Header Files\Dialogs</Filter>
    </QtMoc>
    <QtMoc Include="loadingclouddialog.h">
      <Filter>Header Files\Dialogs</Filter>
    </QtMoc>
    <QtMoc Include="macrostranslator.h">
      <Filter>Header Files\Macros</Filter>
    </QtMoc>
    <QtMoc Include="icommand.h">
      <Filter>Header Files\Macros</Filter>
    </QtMoc>
  </ItemGroup>
  <ItemGroup>
    <QtUic Include="airfoiltolerancesdialog.ui">
      <Filter>Form Files\Dialogs</Filter>
    </QtUic>
    <QtUic Include="alignmentdialog.ui">
      <Filter>Form Files\Dialogs</Filter>
    </QtUic>
    <QtUic Include="bestfitdialog.ui">
      <Filter>Form Files\Dialogs</Filter>
    </QtUic>
    <QtUic Include="calculatecurvedialog.ui">
      <Filter>Form Files\Dialogs</Filter>
    </QtUic>
    <QtUic Include="calculatedeviationsdialog.ui">
      <Filter>Form Files\Dialogs</Filter>
    </QtUic>
    <QtUic Include="figureeditdialog.ui">
      <Filter>Form Files\Dialogs</Filter>
    </QtUic>
    <QtUic Include="mergepointcloudsdialog.ui">
      <Filter>Form Files\Dialogs</Filter>
    </QtUic>
    <QtUic Include="rotatedialog.ui">
      <Filter>Form Files\Dialogs</Filter>
    </QtUic>
    <QtUic Include="turbinedialog.ui">
      <Filter>Form Files\Dialogs</Filter>
    </QtUic>
    <QtUic Include="widthedgedialog.ui">
      <Filter>Form Files\Dialogs</Filter>
    </QtUic>
    <QtUic Include="shiftdialog.ui">
      <Filter>Form Files\Dialogs</Filter>
    </QtUic>
    <QtUic Include="radiuscorrectiondialog.ui">
      <Filter>Form Files\Dialogs</Filter>
    </QtUic>
    <QtUic Include="curvegraphicswidget.ui">
      <Filter>Form Files\Other</Filter>
    </QtUic>
    <QtUic Include="curvewindow.ui">
      <Filter>Form Files\Other</Filter>
    </QtUic>
    <QtUic Include="shiftdialog.ui">
      <Filter>Form Files</Filter>
    </QtUic>
    <QtUic Include="rotatedialog.ui">
      <Filter>Form Files</Filter>
    </QtUic>
    <QtUic Include="alignmentdialog.ui">
      <Filter>Form Files</Filter>
    </QtUic>
    <QtUic Include="calculatecurvedialog.ui">
      <Filter>Form Files</Filter>
    </QtUic>
    <QtUic Include="exporttoFLRdialog.ui">
      <Filter>Form Files\Dialogs</Filter>
    </QtUic>
    <QtUic Include="partdatadialog.ui">
      <Filter>Form Files\Dialogs</Filter>
    </QtUic>
    <QtUic Include="inserttextdialog.ui">
      <Filter>Form Files\Dialogs</Filter>
    </QtUic>
    <QtUic Include="inserttextdialog.ui">
      <Filter>Form Files\Dialogs</Filter>
    </QtUic>
    <QtUic Include="compareflrdialog.ui">
      <Filter>Form Files\Dialogs</Filter>
    </QtUic>
    <QtUic Include="loadingclouddialog.ui">
      <Filter>Form Files\Dialogs</Filter>
    </QtUic>
    <QtUic Include="macrosdialog.ui">
      <Filter>Form Files\Dialogs</Filter>
    </QtUic>
    <QtUic Include="printpreviewdialog.ui">
      <Filter>Form Files\Dialogs</Filter>
    </QtUic>
  </ItemGroup>
  <ItemGroup>
    <QtTranslation Include="main_ru.ts">
      <Filter>Translation Files</Filter>
    </QtTranslation>
  </ItemGroup>
</Project>